
Microsoft Visual Studio Solution File, Format Version 12.00
# Visual Studio 2012
Project("{FAE04EC0-301F-11D3-BF4B-00C04F79EFBC}") = "FluentModulo", "FluentModulo\FluentModulo.csproj", "{39D44AA7-41CD-4360-8B06-D8EB079385DE}"
EndProject
Project("{FAE04EC0-301F-11D3-BF4B-00C04F79EFBC}") = "FluentModulo.Tests", "FluentModulo.Tests\FluentModulo.Tests.csproj", "{B55CC8F4-16DA-4199-B190-C67BDFAC5037}"
EndProject
Project("{2150E333-8FDC-42A3-9474-1A3956D46DE8}") = ".nuget", ".nuget", "{3D1E6AD2-7874-4F55-A410-17E6D638B4CF}"
	ProjectSection(SolutionItems) = preProject
		.nuget\packages.config = .nuget\packages.config
	EndProjectSection
EndProject
Global
	GlobalSection(SolutionConfigurationPlatforms) = preSolution
		Debug|Any CPU = Debug|Any CPU
		Release|Any CPU = Release|Any CPU
	EndGlobalSection
	GlobalSection(ProjectConfigurationPlatforms) = postSolution
		{39D44AA7-41CD-4360-8B06-D8EB079385DE}.Debug|Any CPU.ActiveCfg = Debug|Any CPU
		{39D44AA7-41CD-4360-8B06-D8EB079385DE}.Debug|Any CPU.Build.0 = Debug|Any CPU
		{39D44AA7-41CD-4360-8B06-D8EB079385DE}.Release|Any CPU.ActiveCfg = Release|Any CPU
		{39D44AA7-41CD-4360-8B06-D8EB079385DE}.Release|Any CPU.Build.0 = Release|Any CPU
		{B55CC8F4-16DA-4199-B190-C67BDFAC5037}.Debug|Any CPU.ActiveCfg = Debug|Any CPU
		{B55CC8F4-16DA-4199-B190-C67BDFAC5037}.Debug|Any CPU.Build.0 = Debug|Any CPU
		{B55CC8F4-16DA-4199-B190-C67BDFAC5037}.Release|Any CPU.ActiveCfg = Release|Any CPU
		{B55CC8F4-16DA-4199-B190-C67BDFAC5037}.Release|Any CPU.Build.0 = Release|Any CPU
	EndGlobalSection
	GlobalSection(SolutionProperties) = preSolution
		HideSolutionNode = FALSE
	EndGlobalSection
EndGlobal
